// !$*UTF8*$!
{
	archiveVersion = 1;
	classes = {
	};
	objectVersion = 46;
	objects = {

/* Begin PBXBuildFile section */
		19D01D0692B781E5E12CADAD /* Pods_burgydev_showcase.framework in Frameworks */ = {isa = PBXBuildFile; fileRef = 0298E9D85A5F89E328345FCC /* Pods_burgydev_showcase.framework */; };
		A60B6D1F1C0C9D5D0078798E /* DataService.swift in Sources */ = {isa = PBXBuildFile; fileRef = A60B6D1E1C0C9D5D0078798E /* DataService.swift */; };
		A61C91431C0B6BE10099F5AB /* MaterialTextField.swift in Sources */ = {isa = PBXBuildFile; fileRef = A61C91421C0B6BE10099F5AB /* MaterialTextField.swift */; };
		A655FC821C0B67360036FE1A /* MaterialButton.swift in Sources */ = {isa = PBXBuildFile; fileRef = A655FC811C0B67360036FE1A /* MaterialButton.swift */; };
		A669E5BC1C0C3CE8008131C3 /* Bolts.framework in Frameworks */ = {isa = PBXBuildFile; fileRef = A669E5B91C0C3CE8008131C3 /* Bolts.framework */; };
		A669E5BD1C0C3CE8008131C3 /* FBSDKCoreKit.framework in Frameworks */ = {isa = PBXBuildFile; fileRef = A669E5BA1C0C3CE8008131C3 /* FBSDKCoreKit.framework */; };
		A669E5BE1C0C3CE8008131C3 /* FBSDKLoginKit.framework in Frameworks */ = {isa = PBXBuildFile; fileRef = A669E5BB1C0C3CE8008131C3 /* FBSDKLoginKit.framework */; };
		A672C9851C0F4DFB006904B3 /* FeedVC.swift in Sources */ = {isa = PBXBuildFile; fileRef = A672C9841C0F4DFB006904B3 /* FeedVC.swift */; };
		A672C9871C0F4E71006904B3 /* PostCell.swift in Sources */ = {isa = PBXBuildFile; fileRef = A672C9861C0F4E71006904B3 /* PostCell.swift */; };
		A6FD6EE31C0B39E6005EF8DE /* AppDelegate.swift in Sources */ = {isa = PBXBuildFile; fileRef = A6FD6EE21C0B39E6005EF8DE /* AppDelegate.swift */; };
		A6FD6EE51C0B39E6005EF8DE /* ViewController.swift in Sources */ = {isa = PBXBuildFile; fileRef = A6FD6EE41C0B39E6005EF8DE /* ViewController.swift */; };
		A6FD6EE81C0B39E6005EF8DE /* Main.storyboard in Resources */ = {isa = PBXBuildFile; fileRef = A6FD6EE61C0B39E6005EF8DE /* Main.storyboard */; };
		A6FD6EEA1C0B39E6005EF8DE /* Assets.xcassets in Resources */ = {isa = PBXBuildFile; fileRef = A6FD6EE91C0B39E6005EF8DE /* Assets.xcassets */; };
		A6FD6EED1C0B39E6005EF8DE /* LaunchScreen.storyboard in Resources */ = {isa = PBXBuildFile; fileRef = A6FD6EEB1C0B39E6005EF8DE /* LaunchScreen.storyboard */; };
		A6FD6EFC1C0B3A32005EF8DE /* NotoSans-Bold.ttf in Resources */ = {isa = PBXBuildFile; fileRef = A6FD6EF81C0B3A32005EF8DE /* NotoSans-Bold.ttf */; };
		A6FD6EFD1C0B3A32005EF8DE /* NotoSans-BoldItalic.ttf in Resources */ = {isa = PBXBuildFile; fileRef = A6FD6EF91C0B3A32005EF8DE /* NotoSans-BoldItalic.ttf */; };
		A6FD6EFE1C0B3A32005EF8DE /* NotoSans-Italic.ttf in Resources */ = {isa = PBXBuildFile; fileRef = A6FD6EFA1C0B3A32005EF8DE /* NotoSans-Italic.ttf */; };
		A6FD6EFF1C0B3A32005EF8DE /* NotoSans-Regular.ttf in Resources */ = {isa = PBXBuildFile; fileRef = A6FD6EFB1C0B3A32005EF8DE /* NotoSans-Regular.ttf */; };
		A6FD6F011C0B435C005EF8DE /* MaterialView.swift in Sources */ = {isa = PBXBuildFile; fileRef = A6FD6F001C0B435C005EF8DE /* MaterialView.swift */; };
		A6FD6F041C0B5986005EF8DE /* Constants.swift in Sources */ = {isa = PBXBuildFile; fileRef = A6FD6F031C0B5986005EF8DE /* Constants.swift */; };
/* End PBXBuildFile section */

/* Begin PBXFileReference section */
		0298E9D85A5F89E328345FCC /* Pods_burgydev_showcase.framework */ = {isa = PBXFileReference; explicitFileType = wrapper.framework; includeInIndex = 0; path = Pods_burgydev_showcase.framework; sourceTree = BUILT_PRODUCTS_DIR; };
		14245827D56EFD8F72EABE02 /* Pods-burgydev-showcase.debug.xcconfig */ = {isa = PBXFileReference; includeInIndex = 1; lastKnownFileType = text.xcconfig; name = "Pods-burgydev-showcase.debug.xcconfig"; path = "Pods/Target Support Files/Pods-burgydev-showcase/Pods-burgydev-showcase.debug.xcconfig"; sourceTree = "<group>"; };
		634A68DDA916E0A278161A38 /* Pods-burgydev-showcase.release.xcconfig */ = {isa = PBXFileReference; includeInIndex = 1; lastKnownFileType = text.xcconfig; name = "Pods-burgydev-showcase.release.xcconfig"; path = "Pods/Target Support Files/Pods-burgydev-showcase/Pods-burgydev-showcase.release.xcconfig"; sourceTree = "<group>"; };
		A60B6D1E1C0C9D5D0078798E /* DataService.swift */ = {isa = PBXFileReference; fileEncoding = 4; lastKnownFileType = sourcecode.swift; path = DataService.swift; sourceTree = "<group>"; };
		A61C91421C0B6BE10099F5AB /* MaterialTextField.swift */ = {isa = PBXFileReference; fileEncoding = 4; lastKnownFileType = sourcecode.swift; path = MaterialTextField.swift; sourceTree = "<group>"; };
		A655FC811C0B67360036FE1A /* MaterialButton.swift */ = {isa = PBXFileReference; fileEncoding = 4; lastKnownFileType = sourcecode.swift; path = MaterialButton.swift; sourceTree = "<group>"; };
		A669E5B91C0C3CE8008131C3 /* Bolts.framework */ = {isa = PBXFileReference; lastKnownFileType = wrapper.framework; path = Bolts.framework; sourceTree = "<group>"; };
		A669E5BA1C0C3CE8008131C3 /* FBSDKCoreKit.framework */ = {isa = PBXFileReference; lastKnownFileType = wrapper.framework; path = FBSDKCoreKit.framework; sourceTree = "<group>"; };
		A669E5BB1C0C3CE8008131C3 /* FBSDKLoginKit.framework */ = {isa = PBXFileReference; lastKnownFileType = wrapper.framework; path = FBSDKLoginKit.framework; sourceTree = "<group>"; };
		A672C9841C0F4DFB006904B3 /* FeedVC.swift */ = {isa = PBXFileReference; fileEncoding = 4; lastKnownFileType = sourcecode.swift; path = FeedVC.swift; sourceTree = "<group>"; };
		A672C9861C0F4E71006904B3 /* PostCell.swift */ = {isa = PBXFileReference; fileEncoding = 4; lastKnownFileType = sourcecode.swift; path = PostCell.swift; sourceTree = "<group>"; };
		A6FD6EDF1C0B39E6005EF8DE /* burgydev-showcase.app */ = {isa = PBXFileReference; explicitFileType = wrapper.application; includeInIndex = 0; path = "burgydev-showcase.app"; sourceTree = BUILT_PRODUCTS_DIR; };
		A6FD6EE21C0B39E6005EF8DE /* AppDelegate.swift */ = {isa = PBXFileReference; lastKnownFileType = sourcecode.swift; path = AppDelegate.swift; sourceTree = "<group>"; };
		A6FD6EE41C0B39E6005EF8DE /* ViewController.swift */ = {isa = PBXFileReference; lastKnownFileType = sourcecode.swift; name = ViewController.swift; path = "burgydev-showcase/ViewController.swift"; sourceTree = "<group>"; };
		A6FD6EE71C0B39E6005EF8DE /* Base */ = {isa = PBXFileReference; lastKnownFileType = file.storyboard; name = Base; path = Base.lproj/Main.storyboard; sourceTree = "<group>"; };
		A6FD6EE91C0B39E6005EF8DE /* Assets.xcassets */ = {isa = PBXFileReference; lastKnownFileType = folder.assetcatalog; path = Assets.xcassets; sourceTree = "<group>"; };
		A6FD6EEC1C0B39E6005EF8DE /* Base */ = {isa = PBXFileReference; lastKnownFileType = file.storyboard; name = Base; path = Base.lproj/LaunchScreen.storyboard; sourceTree = "<group>"; };
		A6FD6EEE1C0B39E6005EF8DE /* Info.plist */ = {isa = PBXFileReference; lastKnownFileType = text.plist.xml; path = Info.plist; sourceTree = "<group>"; };
		A6FD6EF81C0B3A32005EF8DE /* NotoSans-Bold.ttf */ = {isa = PBXFileReference; lastKnownFileType = file; path = "NotoSans-Bold.ttf"; sourceTree = "<group>"; };
		A6FD6EF91C0B3A32005EF8DE /* NotoSans-BoldItalic.ttf */ = {isa = PBXFileReference; lastKnownFileType = file; path = "NotoSans-BoldItalic.ttf"; sourceTree = "<group>"; };
		A6FD6EFA1C0B3A32005EF8DE /* NotoSans-Italic.ttf */ = {isa = PBXFileReference; lastKnownFileType = file; path = "NotoSans-Italic.ttf"; sourceTree = "<group>"; };
		A6FD6EFB1C0B3A32005EF8DE /* NotoSans-Regular.ttf */ = {isa = PBXFileReference; lastKnownFileType = file; path = "NotoSans-Regular.ttf"; sourceTree = "<group>"; };
		A6FD6F001C0B435C005EF8DE /* MaterialView.swift */ = {isa = PBXFileReference; fileEncoding = 4; lastKnownFileType = sourcecode.swift; path = MaterialView.swift; sourceTree = "<group>"; };
		A6FD6F031C0B5986005EF8DE /* Constants.swift */ = {isa = PBXFileReference; fileEncoding = 4; lastKnownFileType = sourcecode.swift; path = Constants.swift; sourceTree = "<group>"; };
/* End PBXFileReference section */

/* Begin PBXFrameworksBuildPhase section */
		A6FD6EDC1C0B39E6005EF8DE /* Frameworks */ = {
			isa = PBXFrameworksBuildPhase;
			buildActionMask = 2147483647;
			files = (
				A669E5BC1C0C3CE8008131C3 /* Bolts.framework in Frameworks */,
				A669E5BD1C0C3CE8008131C3 /* FBSDKCoreKit.framework in Frameworks */,
				A669E5BE1C0C3CE8008131C3 /* FBSDKLoginKit.framework in Frameworks */,
				19D01D0692B781E5E12CADAD /* Pods_burgydev_showcase.framework in Frameworks */,
			);
			runOnlyForDeploymentPostprocessing = 0;
		};
/* End PBXFrameworksBuildPhase section */

/* Begin PBXGroup section */
		552EED27D0296CD186CC5CFA /* Frameworks */ = {
			isa = PBXGroup;
			children = (
				0298E9D85A5F89E328345FCC /* Pods_burgydev_showcase.framework */,
			);
			name = Frameworks;
			sourceTree = "<group>";
		};
		A60B6D1D1C0C9D4A0078798E /* Services */ = {
			isa = PBXGroup;
			children = (
				A60B6D1E1C0C9D5D0078798E /* DataService.swift */,
			);
			name = Services;
			sourceTree = "<group>";
		};
		A669E5B81C0C3CCF008131C3 /* Frameworks */ = {
			isa = PBXGroup;
			children = (
				A669E5B91C0C3CE8008131C3 /* Bolts.framework */,
				A669E5BA1C0C3CE8008131C3 /* FBSDKCoreKit.framework */,
				A669E5BB1C0C3CE8008131C3 /* FBSDKLoginKit.framework */,
			);
			name = Frameworks;
			sourceTree = "<group>";
		};
		A6FD6ED61C0B39E6005EF8DE = {
			isa = PBXGroup;
			children = (
				A6FD6EE11C0B39E6005EF8DE /* burgydev-showcase */,
				A6FD6EE01C0B39E6005EF8DE /* Products */,
				BCDAE966797F88E372022DE5 /* Pods */,
				552EED27D0296CD186CC5CFA /* Frameworks */,
			);
			sourceTree = "<group>";
		};
		A6FD6EE01C0B39E6005EF8DE /* Products */ = {
			isa = PBXGroup;
			children = (
				A6FD6EDF1C0B39E6005EF8DE /* burgydev-showcase.app */,
			);
			name = Products;
			sourceTree = "<group>";
		};
		A6FD6EE11C0B39E6005EF8DE /* burgydev-showcase */ = {
			isa = PBXGroup;
			children = (
				A60B6D1D1C0C9D4A0078798E /* Services */,
				A6FD6EF51C0B3A12005EF8DE /* Model */,
				A6FD6EF61C0B3A17005EF8DE /* View */,
				A6FD6EF41C0B3A00005EF8DE /* Controller */,
				A6FD6EF71C0B3A1C005EF8DE /* Resources */,
				A6FD6F021C0B597C005EF8DE /* Util */,
				A669E5B81C0C3CCF008131C3 /* Frameworks */,
				A6FD6EE21C0B39E6005EF8DE /* AppDelegate.swift */,
				A6FD6EE91C0B39E6005EF8DE /* Assets.xcassets */,
				A6FD6EEE1C0B39E6005EF8DE /* Info.plist */,
			);
			path = "burgydev-showcase";
			sourceTree = "<group>";
		};
		A6FD6EF41C0B3A00005EF8DE /* Controller */ = {
			isa = PBXGroup;
			children = (
				A6FD6EE41C0B39E6005EF8DE /* ViewController.swift */,
				A672C9841C0F4DFB006904B3 /* FeedVC.swift */,
			);
			name = Controller;
			path = ..;
			sourceTree = "<group>";
		};
		A6FD6EF51C0B3A12005EF8DE /* Model */ = {
			isa = PBXGroup;
			children = (
			);
			name = Model;
			path = ..;
			sourceTree = "<group>";
		};
		A6FD6EF61C0B3A17005EF8DE /* View */ = {
			isa = PBXGroup;
			children = (
				A6FD6F001C0B435C005EF8DE /* MaterialView.swift */,
				A655FC811C0B67360036FE1A /* MaterialButton.swift */,
				A61C91421C0B6BE10099F5AB /* MaterialTextField.swift */,
				A6FD6EE61C0B39E6005EF8DE /* Main.storyboard */,
				A6FD6EEB1C0B39E6005EF8DE /* LaunchScreen.storyboard */,
				A672C9861C0F4E71006904B3 /* PostCell.swift */,
			);
			name = View;
			path = ..;
			sourceTree = "<group>";
		};
		A6FD6EF71C0B3A1C005EF8DE /* Resources */ = {
			isa = PBXGroup;
			children = (
				A6FD6EF81C0B3A32005EF8DE /* NotoSans-Bold.ttf */,
				A6FD6EF91C0B3A32005EF8DE /* NotoSans-BoldItalic.ttf */,
				A6FD6EFA1C0B3A32005EF8DE /* NotoSans-Italic.ttf */,
				A6FD6EFB1C0B3A32005EF8DE /* NotoSans-Regular.ttf */,
			);
			name = Resources;
			path = ..;
			sourceTree = "<group>";
		};
		A6FD6F021C0B597C005EF8DE /* Util */ = {
			isa = PBXGroup;
			children = (
				A6FD6F031C0B5986005EF8DE /* Constants.swift */,
			);
			name = Util;
			sourceTree = "<group>";
		};
		BCDAE966797F88E372022DE5 /* Pods */ = {
			isa = PBXGroup;
			children = (
				14245827D56EFD8F72EABE02 /* Pods-burgydev-showcase.debug.xcconfig */,
				634A68DDA916E0A278161A38 /* Pods-burgydev-showcase.release.xcconfig */,
			);
			name = Pods;
			sourceTree = "<group>";
		};
/* End PBXGroup section */

/* Begin PBXNativeTarget section */
		A6FD6EDE1C0B39E6005EF8DE /* burgydev-showcase */ = {
			isa = PBXNativeTarget;
			buildConfigurationList = A6FD6EF11C0B39E6005EF8DE /* Build configuration list for PBXNativeTarget "burgydev-showcase" */;
			buildPhases = (
				B98194E9D90CA0842777A61C /* Check Pods Manifest.lock */,
				A6FD6EDB1C0B39E6005EF8DE /* Sources */,
				A6FD6EDC1C0B39E6005EF8DE /* Frameworks */,
				A6FD6EDD1C0B39E6005EF8DE /* Resources */,
				87B3F912F9F252D82C21E610 /* Embed Pods Frameworks */,
				72C39A50662434461DB09CD8 /* Copy Pods Resources */,
			);
			buildRules = (
			);
			dependencies = (
			);
			name = "burgydev-showcase";
			productName = "burgydev-showcase";
			productReference = A6FD6EDF1C0B39E6005EF8DE /* burgydev-showcase.app */;
			productType = "com.apple.product-type.application";
		};
/* End PBXNativeTarget section */

/* Begin PBXProject section */
		A6FD6ED71C0B39E6005EF8DE /* Project object */ = {
			isa = PBXProject;
			attributes = {
				LastSwiftUpdateCheck = 0710;
				LastUpgradeCheck = 0710;
				ORGANIZATIONNAME = "Yong Jae Kim";
				TargetAttributes = {
					A6FD6EDE1C0B39E6005EF8DE = {
						CreatedOnToolsVersion = 7.1.1;
					};
				};
			};
			buildConfigurationList = A6FD6EDA1C0B39E6005EF8DE /* Build configuration list for PBXProject "burgydev-showcase" */;
			compatibilityVersion = "Xcode 3.2";
			developmentRegion = English;
			hasScannedForEncodings = 0;
			knownRegions = (
				en,
				Base,
			);
			mainGroup = A6FD6ED61C0B39E6005EF8DE;
			productRefGroup = A6FD6EE01C0B39E6005EF8DE /* Products */;
			projectDirPath = "";
			projectRoot = "";
			targets = (
				A6FD6EDE1C0B39E6005EF8DE /* burgydev-showcase */,
			);
		};
/* End PBXProject section */

/* Begin PBXResourcesBuildPhase section */
		A6FD6EDD1C0B39E6005EF8DE /* Resources */ = {
			isa = PBXResourcesBuildPhase;
			buildActionMask = 2147483647;
			files = (
				A6FD6EFC1C0B3A32005EF8DE /* NotoSans-Bold.ttf in Resources */,
				A6FD6EED1C0B39E6005EF8DE /* LaunchScreen.storyboard in Resources */,
				A6FD6EFD1C0B3A32005EF8DE /* NotoSans-BoldItalic.ttf in Resources */,
				A6FD6EFE1C0B3A32005EF8DE /* NotoSans-Italic.ttf in Resources */,
				A6FD6EEA1C0B39E6005EF8DE /* Assets.xcassets in Resources */,
				A6FD6EE81C0B39E6005EF8DE /* Main.storyboard in Resources */,
				A6FD6EFF1C0B3A32005EF8DE /* NotoSans-Regular.ttf in Resources */,
			);
			runOnlyForDeploymentPostprocessing = 0;
		};
/* End PBXResourcesBuildPhase section */

/* Begin PBXShellScriptBuildPhase section */
		72C39A50662434461DB09CD8 /* Copy Pods Resources */ = {
			isa = PBXShellScriptBuildPhase;
			buildActionMask = 2147483647;
			files = (
			);
			inputPaths = (
			);
			name = "Copy Pods Resources";
			outputPaths = (
			);
			runOnlyForDeploymentPostprocessing = 0;
			shellPath = /bin/sh;
			shellScript = "\"${SRCROOT}/Pods/Target Support Files/Pods-burgydev-showcase/Pods-burgydev-showcase-resources.sh\"\n";
			showEnvVarsInLog = 0;
		};
		87B3F912F9F252D82C21E610 /* Embed Pods Frameworks */ = {
			isa = PBXShellScriptBuildPhase;
			buildActionMask = 2147483647;
			files = (
			);
			inputPaths = (
			);
			name = "Embed Pods Frameworks";
			outputPaths = (
			);
			runOnlyForDeploymentPostprocessing = 0;
			shellPath = /bin/sh;
			shellScript = "\"${SRCROOT}/Pods/Target Support Files/Pods-burgydev-showcase/Pods-burgydev-showcase-frameworks.sh\"\n";
			showEnvVarsInLog = 0;
		};
		B98194E9D90CA0842777A61C /* Check Pods Manifest.lock */ = {
			isa = PBXShellScriptBuildPhase;
			buildActionMask = 2147483647;
			files = (
			);
			inputPaths = (
			);
			name = "Check Pods Manifest.lock";
			outputPaths = (
			);
			runOnlyForDeploymentPostprocessing = 0;
			shellPath = /bin/sh;
			shellScript = "diff \"${PODS_ROOT}/../Podfile.lock\" \"${PODS_ROOT}/Manifest.lock\" > /dev/null\nif [[ $? != 0 ]] ; then\n    cat << EOM\nerror: The sandbox is not in sync with the Podfile.lock. Run 'pod install' or update your CocoaPods installation.\nEOM\n    exit 1\nfi\n";
			showEnvVarsInLog = 0;
		};
/* End PBXShellScriptBuildPhase section */

/* Begin PBXSourcesBuildPhase section */
		A6FD6EDB1C0B39E6005EF8DE /* Sources */ = {
			isa = PBXSourcesBuildPhase;
			buildActionMask = 2147483647;
			files = (
				A61C91431C0B6BE10099F5AB /* MaterialTextField.swift in Sources */,
				A60B6D1F1C0C9D5D0078798E /* DataService.swift in Sources */,
				A6FD6F011C0B435C005EF8DE /* MaterialView.swift in Sources */,
				A6FD6EE51C0B39E6005EF8DE /* ViewController.swift in Sources */,
				A672C9851C0F4DFB006904B3 /* FeedVC.swift in Sources */,
				A672C9871C0F4E71006904B3 /* PostCell.swift in Sources */,
				A6FD6EE31C0B39E6005EF8DE /* AppDelegate.swift in Sources */,
				A6FD6F041C0B5986005EF8DE /* Constants.swift in Sources */,
				A655FC821C0B67360036FE1A /* MaterialButton.swift in Sources */,
			);
			runOnlyForDeploymentPostprocessing = 0;
		};
/* End PBXSourcesBuildPhase section */

/* Begin PBXVariantGroup section */
		A6FD6EE61C0B39E6005EF8DE /* Main.storyboard */ = {
			isa = PBXVariantGroup;
			children = (
				A6FD6EE71C0B39E6005EF8DE /* Base */,
			);
			name = Main.storyboard;
			path = "burgydev-showcase";
			sourceTree = "<group>";
		};
		A6FD6EEB1C0B39E6005EF8DE /* LaunchScreen.storyboard */ = {
			isa = PBXVariantGroup;
			children = (
				A6FD6EEC1C0B39E6005EF8DE /* Base */,
			);
			name = LaunchScreen.storyboard;
			path = "burgydev-showcase";
			sourceTree = "<group>";
		};
/* End PBXVariantGroup section */

/* Begin XCBuildConfiguration section */
		A6FD6EEF1C0B39E6005EF8DE /* Debug */ = {
			isa = XCBuildConfiguration;
			buildSettings = {
				ALWAYS_SEARCH_USER_PATHS = NO;
				CLANG_CXX_LANGUAGE_STANDARD = "gnu++0x";
				CLANG_CXX_LIBRARY = "libc++";
				CLANG_ENABLE_MODULES = YES;
				CLANG_ENABLE_OBJC_ARC = YES;
				CLANG_WARN_BOOL_CONVERSION = YES;
				CLANG_WARN_CONSTANT_CONVERSION = YES;
				CLANG_WARN_DIRECT_OBJC_ISA_USAGE = YES_ERROR;
				CLANG_WARN_EMPTY_BODY = YES;
				CLANG_WARN_ENUM_CONVERSION = YES;
				CLANG_WARN_INT_CONVERSION = YES;
				CLANG_WARN_OBJC_ROOT_CLASS = YES_ERROR;
				CLANG_WARN_UNREACHABLE_CODE = YES;
				CLANG_WARN__DUPLICATE_METHOD_MATCH = YES;
				"CODE_SIGN_IDENTITY[sdk=iphoneos*]" = "iPhone Developer";
				COPY_PHASE_STRIP = NO;
				DEBUG_INFORMATION_FORMAT = dwarf;
				ENABLE_STRICT_OBJC_MSGSEND = YES;
				ENABLE_TESTABILITY = YES;
				GCC_C_LANGUAGE_STANDARD = gnu99;
				GCC_DYNAMIC_NO_PIC = NO;
				GCC_NO_COMMON_BLOCKS = YES;
				GCC_OPTIMIZATION_LEVEL = 0;
				GCC_PREPROCESSOR_DEFINITIONS = (
					"DEBUG=1",
					"$(inherited)",
				);
				GCC_WARN_64_TO_32_BIT_CONVERSION = YES;
				GCC_WARN_ABOUT_RETURN_TYPE = YES_ERROR;
				GCC_WARN_UNDECLARED_SELECTOR = YES;
				GCC_WARN_UNINITIALIZED_AUTOS = YES_AGGRESSIVE;
				GCC_WARN_UNUSED_FUNCTION = YES;
				GCC_WARN_UNUSED_VARIABLE = YES;
				IPHONEOS_DEPLOYMENT_TARGET = 9.1;
				MTL_ENABLE_DEBUG_INFO = YES;
				ONLY_ACTIVE_ARCH = YES;
				SDKROOT = iphoneos;
				SWIFT_OPTIMIZATION_LEVEL = "-Onone";
				TARGETED_DEVICE_FAMILY = "1,2";
			};
			name = Debug;
		};
		A6FD6EF01C0B39E6005EF8DE /* Release */ = {
			isa = XCBuildConfiguration;
			buildSettings = {
				ALWAYS_SEARCH_USER_PATHS = NO;
				CLANG_CXX_LANGUAGE_STANDARD = "gnu++0x";
				CLANG_CXX_LIBRARY = "libc++";
				CLANG_ENABLE_MODULES = YES;
				CLANG_ENABLE_OBJC_ARC = YES;
				CLANG_WARN_BOOL_CONVERSION = YES;
				CLANG_WARN_CONSTANT_CONVERSION = YES;
				CLANG_WARN_DIRECT_OBJC_ISA_USAGE = YES_ERROR;
				CLANG_WARN_EMPTY_BODY = YES;
				CLANG_WARN_ENUM_CONVERSION = YES;
				CLANG_WARN_INT_CONVERSION = YES;
				CLANG_WARN_OBJC_ROOT_CLASS = YES_ERROR;
				CLANG_WARN_UNREACHABLE_CODE = YES;
				CLANG_WARN__DUPLICATE_METHOD_MATCH = YES;
				"CODE_SIGN_IDENTITY[sdk=iphoneos*]" = "iPhone Developer";
				COPY_PHASE_STRIP = NO;
				DEBUG_INFORMATION_FORMAT = "dwarf-with-dsym";
				ENABLE_NS_ASSERTIONS = NO;
				ENABLE_STRICT_OBJC_MSGSEND = YES;
				GCC_C_LANGUAGE_STANDARD = gnu99;
				GCC_NO_COMMON_BLOCKS = YES;
				GCC_WARN_64_TO_32_BIT_CONVERSION = YES;
				GCC_WARN_ABOUT_RETURN_TYPE = YES_ERROR;
				GCC_WARN_UNDECLARED_SELECTOR = YES;
				GCC_WARN_UNINITIALIZED_AUTOS = YES_AGGRESSIVE;
				GCC_WARN_UNUSED_FUNCTION = YES;
				GCC_WARN_UNUSED_VARIABLE = YES;
				IPHONEOS_DEPLOYMENT_TARGET = 9.1;
				MTL_ENABLE_DEBUG_INFO = NO;
				SDKROOT = iphoneos;
				TARGETED_DEVICE_FAMILY = "1,2";
				VALIDATE_PRODUCT = YES;
			};
			name = Release;
		};
		A6FD6EF21C0B39E6005EF8DE /* Debug */ = {
			isa = XCBuildConfiguration;
			baseConfigurationReference = 14245827D56EFD8F72EABE02 /* Pods-burgydev-showcase.debug.xcconfig */;
			buildSettings = {
				ASSETCATALOG_COMPILER_APPICON_NAME = AppIcon;
				ENABLE_BITCODE = NO;
				FRAMEWORK_SEARCH_PATHS = (
					"$(inherited)",
					"$(PROJECT_DIR)/burgydev-showcase",
				);
				INFOPLIST_FILE = "burgydev-showcase/Info.plist";
				LD_RUNPATH_SEARCH_PATHS = "$(inherited) @executable_path/Frameworks";
				PRODUCT_BUNDLE_IDENTIFIER = burgyDev.burgydev.showcase;
				PRODUCT_NAME = "$(TARGET_NAME)";
			};
			name = Debug;
		};
		A6FD6EF31C0B39E6005EF8DE /* Release */ = {
			isa = XCBuildConfiguration;
			baseConfigurationReference = 634A68DDA916E0A278161A38 /* Pods-burgydev-showcase.release.xcconfig */;
			buildSettings = {
				ASSETCATALOG_COMPILER_APPICON_NAME = AppIcon;
				ENABLE_BITCODE = NO;
				FRAMEWORK_SEARCH_PATHS = (
					"$(inherited)",
					"$(PROJECT_DIR)/burgydev-showcase",
				);
				INFOPLIST_FILE = "burgydev-showcase/Info.plist";
				LD_RUNPATH_SEARCH_PATHS = "$(inherited) @executable_path/Frameworks";
				PRODUCT_BUNDLE_IDENTIFIER = burgyDev.burgydev.showcase;
				PRODUCT_NAME = "$(TARGET_NAME)";
			};
			name = Release;
		};
/* End XCBuildConfiguration section */

/* Begin XCConfigurationList section */
		A6FD6EDA1C0B39E6005EF8DE /* Build configuration list for PBXProject "burgydev-showcase" */ = {
			isa = XCConfigurationList;
			buildConfigurations = (
				A6FD6EEF1C0B39E6005EF8DE /* Debug */,
				A6FD6EF01C0B39E6005EF8DE /* Release */,
			);
			defaultConfigurationIsVisible = 0;
			defaultConfigurationName = Release;
		};
		A6FD6EF11C0B39E6005EF8DE /* Build configuration list for PBXNativeTarget "burgydev-showcase" */ = {
			isa = XCConfigurationList;
			buildConfigurations = (
				A6FD6EF21C0B39E6005EF8DE /* Debug */,
				A6FD6EF31C0B39E6005EF8DE /* Release */,
			);
			defaultConfigurationIsVisible = 0;
			defaultConfigurationName = Release;
		};
/* End XCConfigurationList section */
	};
	rootObject = A6FD6ED71C0B39E6005EF8DE /* Project object */;
}
